// !$*UTF8*$!
{
	archiveVersion = 1;
	classes = {
	};
	objectVersion = 56;
	objects = {

/* Begin PBXBuildFile section */
		DB0BBDDF2915F2FB00E4683C /* HalalFoodFinderApp.swift in Sources */ = {isa = PBXBuildFile; fileRef = DB0BBDDE2915F2FB00E4683C /* HalalFoodFinderApp.swift */; };
		DB0BBDE12915F2FB00E4683C /* ContentView.swift in Sources */ = {isa = PBXBuildFile; fileRef = DB0BBDE02915F2FB00E4683C /* ContentView.swift */; };
		DB0BBDE32915F2FD00E4683C /* Assets.xcassets in Resources */ = {isa = PBXBuildFile; fileRef = DB0BBDE22915F2FD00E4683C /* Assets.xcassets */; };
		DB0BBDE62915F2FD00E4683C /* Preview Assets.xcassets in Resources */ = {isa = PBXBuildFile; fileRef = DB0BBDE52915F2FD00E4683C /* Preview Assets.xcassets */; };
		DB6BDECC291608D900B89418 /* SetupData.swift in Sources */ = {isa = PBXBuildFile; fileRef = DB6BDECB291608D900B89418 /* SetupData.swift */; };
		DB6BDECF29160BCF00B89418 /* LargeBannerView.swift in Sources */ = {isa = PBXBuildFile; fileRef = DB6BDECE29160BCF00B89418 /* LargeBannerView.swift */; };
		DB6BDED12916119A00B89418 /* CuisineSelectView.swift in Sources */ = {isa = PBXBuildFile; fileRef = DB6BDED02916119A00B89418 /* CuisineSelectView.swift */; };
		DB6BDED329161CE900B89418 /* NearMeView.swift in Sources */ = {isa = PBXBuildFile; fileRef = DB6BDED229161CE900B89418 /* NearMeView.swift */; };
		DBAEF8E32925E1AA000243B7 /* NearestRestaurantView.swift in Sources */ = {isa = PBXBuildFile; fileRef = DBAEF8E22925E1AA000243B7 /* NearestRestaurantView.swift */; };
		DBB2AF0F292DE42000DA78C4 /* data.json in Resources */ = {isa = PBXBuildFile; fileRef = DBB2AF0E292DE42000DA78C4 /* data.json */; };
		DBB2AF11292E3B9E00DA78C4 /* LocationDataManager.swift in Sources */ = {isa = PBXBuildFile; fileRef = DBB2AF10292E3B9E00DA78C4 /* LocationDataManager.swift */; };
		DBDBAF4A291F328D00B44C88 /* HomeView.swift in Sources */ = {isa = PBXBuildFile; fileRef = DBDBAF49291F328D00B44C88 /* HomeView.swift */; };
		DBDBAF4C291F3AF800B44C88 /* RestaurantData.swift in Sources */ = {isa = PBXBuildFile; fileRef = DBDBAF4B291F3AF800B44C88 /* RestaurantData.swift */; };
		DBDBAF50291F46A200B44C88 /* RestaurantFilteredMemberView.swift in Sources */ = {isa = PBXBuildFile; fileRef = DBDBAF4F291F46A200B44C88 /* RestaurantFilteredMemberView.swift */; };
		DBDBAF52291F485500B44C88 /* CuisineView.swift in Sources */ = {isa = PBXBuildFile; fileRef = DBDBAF51291F485500B44C88 /* CuisineView.swift */; };
		DBE14BFD2921E0C100B8D722 /* RestaurantDetailsView.swift in Sources */ = {isa = PBXBuildFile; fileRef = DBE14BFC2921E0C100B8D722 /* RestaurantDetailsView.swift */; };
		DBE14BFF2921E7CF00B8D722 /* MapView.swift in Sources */ = {isa = PBXBuildFile; fileRef = DBE14BFE2921E7CF00B8D722 /* MapView.swift */; };
		DBE14C022921F6CD00B8D722 /* MapData.swift in Sources */ = {isa = PBXBuildFile; fileRef = DBE14C012921F6CD00B8D722 /* MapData.swift */; };
		DBE14C04292204FF00B8D722 /* AllRestaurantsView.swift in Sources */ = {isa = PBXBuildFile; fileRef = DBE14C03292204FF00B8D722 /* AllRestaurantsView.swift */; };
		DBE14C06292209FA00B8D722 /* AllCuisinesView.swift in Sources */ = {isa = PBXBuildFile; fileRef = DBE14C05292209FA00B8D722 /* AllCuisinesView.swift */; };
/* End PBXBuildFile section */

/* Begin PBXFileReference section */
		DB0BBDDB2915F2FB00E4683C /* HalalFoodFinder.app */ = {isa = PBXFileReference; explicitFileType = wrapper.application; includeInIndex = 0; path = HalalFoodFinder.app; sourceTree = BUILT_PRODUCTS_DIR; };
		DB0BBDDE2915F2FB00E4683C /* HalalFoodFinderApp.swift */ = {isa = PBXFileReference; lastKnownFileType = sourcecode.swift; path = HalalFoodFinderApp.swift; sourceTree = "<group>"; };
		DB0BBDE02915F2FB00E4683C /* ContentView.swift */ = {isa = PBXFileReference; lastKnownFileType = sourcecode.swift; path = ContentView.swift; sourceTree = "<group>"; };
		DB0BBDE22915F2FD00E4683C /* Assets.xcassets */ = {isa = PBXFileReference; lastKnownFileType = folder.assetcatalog; path = Assets.xcassets; sourceTree = "<group>"; };
		DB0BBDE52915F2FD00E4683C /* Preview Assets.xcassets */ = {isa = PBXFileReference; lastKnownFileType = folder.assetcatalog; path = "Preview Assets.xcassets"; sourceTree = "<group>"; };
		DB6BDECB291608D900B89418 /* SetupData.swift */ = {isa = PBXFileReference; lastKnownFileType = sourcecode.swift; path = SetupData.swift; sourceTree = "<group>"; };
		DB6BDECE29160BCF00B89418 /* LargeBannerView.swift */ = {isa = PBXFileReference; lastKnownFileType = sourcecode.swift; path = LargeBannerView.swift; sourceTree = "<group>"; };
		DB6BDED02916119A00B89418 /* CuisineSelectView.swift */ = {isa = PBXFileReference; lastKnownFileType = sourcecode.swift; path = CuisineSelectView.swift; sourceTree = "<group>"; };
		DB6BDED229161CE900B89418 /* NearMeView.swift */ = {isa = PBXFileReference; lastKnownFileType = sourcecode.swift; path = NearMeView.swift; sourceTree = "<group>"; };
		DBAEF8E22925E1AA000243B7 /* NearestRestaurantView.swift */ = {isa = PBXFileReference; lastKnownFileType = sourcecode.swift; path = NearestRestaurantView.swift; sourceTree = "<group>"; };
		DBB2AF0E292DE42000DA78C4 /* data.json */ = {isa = PBXFileReference; fileEncoding = 4; lastKnownFileType = text.json; path = data.json; sourceTree = "<group>"; };
		DBB2AF10292E3B9E00DA78C4 /* LocationDataManager.swift */ = {isa = PBXFileReference; lastKnownFileType = sourcecode.swift; path = LocationDataManager.swift; sourceTree = "<group>"; };
		DBDBAF49291F328D00B44C88 /* HomeView.swift */ = {isa = PBXFileReference; lastKnownFileType = sourcecode.swift; path = HomeView.swift; sourceTree = "<group>"; };
		DBDBAF4B291F3AF800B44C88 /* RestaurantData.swift */ = {isa = PBXFileReference; lastKnownFileType = sourcecode.swift; path = RestaurantData.swift; sourceTree = "<group>"; };
		DBDBAF4F291F46A200B44C88 /* RestaurantFilteredMemberView.swift */ = {isa = PBXFileReference; lastKnownFileType = sourcecode.swift; path = RestaurantFilteredMemberView.swift; sourceTree = "<group>"; };
		DBDBAF51291F485500B44C88 /* CuisineView.swift */ = {isa = PBXFileReference; lastKnownFileType = sourcecode.swift; path = CuisineView.swift; sourceTree = "<group>"; };
		DBE14BFC2921E0C100B8D722 /* RestaurantDetailsView.swift */ = {isa = PBXFileReference; lastKnownFileType = sourcecode.swift; path = RestaurantDetailsView.swift; sourceTree = "<group>"; };
		DBE14BFE2921E7CF00B8D722 /* MapView.swift */ = {isa = PBXFileReference; lastKnownFileType = sourcecode.swift; path = MapView.swift; sourceTree = "<group>"; };
		DBE14C002921EC0800B8D722 /* Info.plist */ = {isa = PBXFileReference; lastKnownFileType = text.plist; path = Info.plist; sourceTree = "<group>"; };
		DBE14C012921F6CD00B8D722 /* MapData.swift */ = {isa = PBXFileReference; lastKnownFileType = sourcecode.swift; path = MapData.swift; sourceTree = "<group>"; };
		DBE14C03292204FF00B8D722 /* AllRestaurantsView.swift */ = {isa = PBXFileReference; lastKnownFileType = sourcecode.swift; path = AllRestaurantsView.swift; sourceTree = "<group>"; };
		DBE14C05292209FA00B8D722 /* AllCuisinesView.swift */ = {isa = PBXFileReference; lastKnownFileType = sourcecode.swift; path = AllCuisinesView.swift; sourceTree = "<group>"; };
/* End PBXFileReference section */

/* Begin PBXFrameworksBuildPhase section */
		DB0BBDD82915F2FB00E4683C /* Frameworks */ = {
			isa = PBXFrameworksBuildPhase;
			buildActionMask = 2147483647;
			files = (
			);
			runOnlyForDeploymentPostprocessing = 0;
		};
/* End PBXFrameworksBuildPhase section */

/* Begin PBXGroup section */
		DB0BBDD22915F2FB00E4683C = {
			isa = PBXGroup;
			children = (
				DB0BBDDD2915F2FB00E4683C /* HalalFoodFinder */,
				DB0BBDDC2915F2FB00E4683C /* Products */,
			);
			sourceTree = "<group>";
		};
		DB0BBDDC2915F2FB00E4683C /* Products */ = {
			isa = PBXGroup;
			children = (
				DB0BBDDB2915F2FB00E4683C /* HalalFoodFinder.app */,
			);
			name = Products;
			sourceTree = "<group>";
		};
		DB0BBDDD2915F2FB00E4683C /* HalalFoodFinder */ = {
			isa = PBXGroup;
			children = (
				DBE14C002921EC0800B8D722 /* Info.plist */,
				DBB2AF0E292DE42000DA78C4 /* data.json */,
				DB6BDECA291604AD00B89418 /* Data */,
				DB6BDEC9291604A300B89418 /* ViewParts */,
				DB6BDEC82916048800B89418 /* Views */,
				DB0BBDDE2915F2FB00E4683C /* HalalFoodFinderApp.swift */,
				DB0BBDE22915F2FD00E4683C /* Assets.xcassets */,
				DB0BBDE42915F2FD00E4683C /* Preview Content */,
			);
			path = HalalFoodFinder;
			sourceTree = "<group>";
		};
		DB0BBDE42915F2FD00E4683C /* Preview Content */ = {
			isa = PBXGroup;
			children = (
				DB0BBDE52915F2FD00E4683C /* Preview Assets.xcassets */,
			);
			path = "Preview Content";
			sourceTree = "<group>";
		};
		DB6BDEC82916048800B89418 /* Views */ = {
			isa = PBXGroup;
			children = (
				DBC017B8292C6E3E00EB7A08 /* CuisineView */,
				DBC017BA292C6E7900EB7A08 /* MainFrame */,
				DBC017B9292C6E5900EB7A08 /* RecommendationView */,
			);
			path = Views;
			sourceTree = "<group>";
		};
		DB6BDEC9291604A300B89418 /* ViewParts */ = {
			isa = PBXGroup;
			children = (
				DBE14BFE2921E7CF00B8D722 /* MapView.swift */,
				DB6BDECE29160BCF00B89418 /* LargeBannerView.swift */,
				DB6BDED02916119A00B89418 /* CuisineSelectView.swift */,
				DB6BDED229161CE900B89418 /* NearMeView.swift */,
				DBDBAF4F291F46A200B44C88 /* RestaurantFilteredMemberView.swift */,
			);
			path = ViewParts;
			sourceTree = "<group>";
		};
		DB6BDECA291604AD00B89418 /* Data */ = {
			isa = PBXGroup;
			children = (
				DB6BDECB291608D900B89418 /* SetupData.swift */,
				DBDBAF4B291F3AF800B44C88 /* RestaurantData.swift */,
				DBE14C012921F6CD00B8D722 /* MapData.swift */,
				DBB2AF10292E3B9E00DA78C4 /* LocationDataManager.swift */,
			);
			path = Data;
			sourceTree = "<group>";
		};
		DBC017B8292C6E3E00EB7A08 /* CuisineView */ = {
			isa = PBXGroup;
			children = (
				DBE14C05292209FA00B8D722 /* AllCuisinesView.swift */,
				DBDBAF51291F485500B44C88 /* CuisineView.swift */,
			);
			path = CuisineView;
			sourceTree = "<group>";
		};
		DBC017B9292C6E5900EB7A08 /* RecommendationView */ = {
			isa = PBXGroup;
			children = (
				DBE14BFC2921E0C100B8D722 /* RestaurantDetailsView.swift */,
			);
			path = RecommendationView;
			sourceTree = "<group>";
		};
		DBC017BA292C6E7900EB7A08 /* MainFrame */ = {
			isa = PBXGroup;
			children = (
				DB0BBDE02915F2FB00E4683C /* ContentView.swift */,
				DBDBAF49291F328D00B44C88 /* HomeView.swift */,
				DBAEF8E22925E1AA000243B7 /* NearestRestaurantView.swift */,
				DBE14C03292204FF00B8D722 /* AllRestaurantsView.swift */,
			);
			path = MainFrame;
			sourceTree = "<group>";
		};
/* End PBXGroup section */

/* Begin PBXNativeTarget section */
		DB0BBDDA2915F2FB00E4683C /* HalalFoodFinder */ = {
			isa = PBXNativeTarget;
			buildConfigurationList = DB0BBDE92915F2FD00E4683C /* Build configuration list for PBXNativeTarget "HalalFoodFinder" */;
			buildPhases = (
				DB0BBDD72915F2FB00E4683C /* Sources */,
				DB0BBDD82915F2FB00E4683C /* Frameworks */,
				DB0BBDD92915F2FB00E4683C /* Resources */,
			);
			buildRules = (
			);
			dependencies = (
			);
			name = HalalFoodFinder;
			productName = HalalFoodFinder;
			productReference = DB0BBDDB2915F2FB00E4683C /* HalalFoodFinder.app */;
			productType = "com.apple.product-type.application";
		};
/* End PBXNativeTarget section */

/* Begin PBXProject section */
		DB0BBDD32915F2FB00E4683C /* Project object */ = {
			isa = PBXProject;
			attributes = {
				BuildIndependentTargetsInParallel = 1;
				LastSwiftUpdateCheck = 1400;
				LastUpgradeCheck = 1400;
				TargetAttributes = {
					DB0BBDDA2915F2FB00E4683C = {
						CreatedOnToolsVersion = 14.0.1;
					};
				};
			};
			buildConfigurationList = DB0BBDD62915F2FB00E4683C /* Build configuration list for PBXProject "HalalFoodFinder" */;
			compatibilityVersion = "Xcode 14.0";
			developmentRegion = en;
			hasScannedForEncodings = 0;
			knownRegions = (
				en,
				Base,
			);
			mainGroup = DB0BBDD22915F2FB00E4683C;
			productRefGroup = DB0BBDDC2915F2FB00E4683C /* Products */;
			projectDirPath = "";
			projectRoot = "";
			targets = (
				DB0BBDDA2915F2FB00E4683C /* HalalFoodFinder */,
			);
		};
/* End PBXProject section */

/* Begin PBXResourcesBuildPhase section */
		DB0BBDD92915F2FB00E4683C /* Resources */ = {
			isa = PBXResourcesBuildPhase;
			buildActionMask = 2147483647;
			files = (
				DB0BBDE62915F2FD00E4683C /* Preview Assets.xcassets in Resources */,
				DB0BBDE32915F2FD00E4683C /* Assets.xcassets in Resources */,
				DBB2AF0F292DE42000DA78C4 /* data.json in Resources */,
			);
			runOnlyForDeploymentPostprocessing = 0;
		};
/* End PBXResourcesBuildPhase section */

/* Begin PBXSourcesBuildPhase section */
		DB0BBDD72915F2FB00E4683C /* Sources */ = {
			isa = PBXSourcesBuildPhase;
			buildActionMask = 2147483647;
			files = (
				DB6BDECF29160BCF00B89418 /* LargeBannerView.swift in Sources */,
				DBE14BFF2921E7CF00B8D722 /* MapView.swift in Sources */,
				DBE14BFD2921E0C100B8D722 /* RestaurantDetailsView.swift in Sources */,
				DBDBAF4A291F328D00B44C88 /* HomeView.swift in Sources */,
				DBE14C022921F6CD00B8D722 /* MapData.swift in Sources */,
				DBDBAF4C291F3AF800B44C88 /* RestaurantData.swift in Sources */,
				DB0BBDE12915F2FB00E4683C /* ContentView.swift in Sources */,
				DBDBAF50291F46A200B44C88 /* RestaurantFilteredMemberView.swift in Sources */,
				DBE14C06292209FA00B8D722 /* AllCuisinesView.swift in Sources */,
				DBB2AF11292E3B9E00DA78C4 /* LocationDataManager.swift in Sources */,
				DB6BDED329161CE900B89418 /* NearMeView.swift in Sources */,
				DB6BDED12916119A00B89418 /* CuisineSelectView.swift in Sources */,
				DBDBAF52291F485500B44C88 /* CuisineView.swift in Sources */,
				DBAEF8E32925E1AA000243B7 /* NearestRestaurantView.swift in Sources */,
				DBE14C04292204FF00B8D722 /* AllRestaurantsView.swift in Sources */,
				DB0BBDDF2915F2FB00E4683C /* HalalFoodFinderApp.swift in Sources */,
				DB6BDECC291608D900B89418 /* SetupData.swift in Sources */,
			);
			runOnlyForDeploymentPostprocessing = 0;
		};
/* End PBXSourcesBuildPhase section */

/* Begin XCBuildConfiguration section */
		DB0BBDE72915F2FD00E4683C /* Debug */ = {
			isa = XCBuildConfiguration;
			buildSettings = {
				ALWAYS_SEARCH_USER_PATHS = NO;
				CLANG_ANALYZER_NONNULL = YES;
				CLANG_ANALYZER_NUMBER_OBJECT_CONVERSION = YES_AGGRESSIVE;
				CLANG_CXX_LANGUAGE_STANDARD = "gnu++20";
				CLANG_ENABLE_MODULES = YES;
				CLANG_ENABLE_OBJC_ARC = YES;
				CLANG_ENABLE_OBJC_WEAK = YES;
				CLANG_WARN_BLOCK_CAPTURE_AUTORELEASING = YES;
				CLANG_WARN_BOOL_CONVERSION = YES;
				CLANG_WARN_COMMA = YES;
				CLANG_WARN_CONSTANT_CONVERSION = YES;
				CLANG_WARN_DEPRECATED_OBJC_IMPLEMENTATIONS = YES;
				CLANG_WARN_DIRECT_OBJC_ISA_USAGE = YES_ERROR;
				CLANG_WARN_DOCUMENTATION_COMMENTS = YES;
				CLANG_WARN_EMPTY_BODY = YES;
				CLANG_WARN_ENUM_CONVERSION = YES;
				CLANG_WARN_INFINITE_RECURSION = YES;
				CLANG_WARN_INT_CONVERSION = YES;
				CLANG_WARN_NON_LITERAL_NULL_CONVERSION = YES;
				CLANG_WARN_OBJC_IMPLICIT_RETAIN_SELF = YES;
				CLANG_WARN_OBJC_LITERAL_CONVERSION = YES;
				CLANG_WARN_OBJC_ROOT_CLASS = YES_ERROR;
				CLANG_WARN_QUOTED_INCLUDE_IN_FRAMEWORK_HEADER = YES;
				CLANG_WARN_RANGE_LOOP_ANALYSIS = YES;
				CLANG_WARN_STRICT_PROTOTYPES = YES;
				CLANG_WARN_SUSPICIOUS_MOVE = YES;
				CLANG_WARN_UNGUARDED_AVAILABILITY = YES_AGGRESSIVE;
				CLANG_WARN_UNREACHABLE_CODE = YES;
				CLANG_WARN__DUPLICATE_METHOD_MATCH = YES;
				COPY_PHASE_STRIP = NO;
				DEBUG_INFORMATION_FORMAT = dwarf;
				ENABLE_STRICT_OBJC_MSGSEND = YES;
				ENABLE_TESTABILITY = YES;
				GCC_C_LANGUAGE_STANDARD = gnu11;
				GCC_DYNAMIC_NO_PIC = NO;
				GCC_NO_COMMON_BLOCKS = YES;
				GCC_OPTIMIZATION_LEVEL = 0;
				GCC_PREPROCESSOR_DEFINITIONS = (
					"DEBUG=1",
					"$(inherited)",
				);
				GCC_WARN_64_TO_32_BIT_CONVERSION = YES;
				GCC_WARN_ABOUT_RETURN_TYPE = YES_ERROR;
				GCC_WARN_UNDECLARED_SELECTOR = YES;
				GCC_WARN_UNINITIALIZED_AUTOS = YES_AGGRESSIVE;
				GCC_WARN_UNUSED_FUNCTION = YES;
				GCC_WARN_UNUSED_VARIABLE = YES;
				IPHONEOS_DEPLOYMENT_TARGET = 16.0;
				MTL_ENABLE_DEBUG_INFO = INCLUDE_SOURCE;
				MTL_FAST_MATH = YES;
				ONLY_ACTIVE_ARCH = YES;
				SDKROOT = iphoneos;
				SWIFT_ACTIVE_COMPILATION_CONDITIONS = DEBUG;
				SWIFT_OPTIMIZATION_LEVEL = "-Onone";
			};
			name = Debug;
		};
		DB0BBDE82915F2FD00E4683C /* Release */ = {
			isa = XCBuildConfiguration;
			buildSettings = {
				ALWAYS_SEARCH_USER_PATHS = NO;
				CLANG_ANALYZER_NONNULL = YES;
				CLANG_ANALYZER_NUMBER_OBJECT_CONVERSION = YES_AGGRESSIVE;
				CLANG_CXX_LANGUAGE_STANDARD = "gnu++20";
				CLANG_ENABLE_MODULES = YES;
				CLANG_ENABLE_OBJC_ARC = YES;
				CLANG_ENABLE_OBJC_WEAK = YES;
				CLANG_WARN_BLOCK_CAPTURE_AUTORELEASING = YES;
				CLANG_WARN_BOOL_CONVERSION = YES;
				CLANG_WARN_COMMA = YES;
				CLANG_WARN_CONSTANT_CONVERSION = YES;
				CLANG_WARN_DEPRECATED_OBJC_IMPLEMENTATIONS = YES;
				CLANG_WARN_DIRECT_OBJC_ISA_USAGE = YES_ERROR;
				CLANG_WARN_DOCUMENTATION_COMMENTS = YES;
				CLANG_WARN_EMPTY_BODY = YES;
				CLANG_WARN_ENUM_CONVERSION = YES;
				CLANG_WARN_INFINITE_RECURSION = YES;
				CLANG_WARN_INT_CONVERSION = YES;
				CLANG_WARN_NON_LITERAL_NULL_CONVERSION = YES;
				CLANG_WARN_OBJC_IMPLICIT_RETAIN_SELF = YES;
				CLANG_WARN_OBJC_LITERAL_CONVERSION = YES;
				CLANG_WARN_OBJC_ROOT_CLASS = YES_ERROR;
				CLANG_WARN_QUOTED_INCLUDE_IN_FRAMEWORK_HEADER = YES;
				CLANG_WARN_RANGE_LOOP_ANALYSIS = YES;
				CLANG_WARN_STRICT_PROTOTYPES = YES;
				CLANG_WARN_SUSPICIOUS_MOVE = YES;
				CLANG_WARN_UNGUARDED_AVAILABILITY = YES_AGGRESSIVE;
				CLANG_WARN_UNREACHABLE_CODE = YES;
				CLANG_WARN__DUPLICATE_METHOD_MATCH = YES;
				COPY_PHASE_STRIP = NO;
				DEBUG_INFORMATION_FORMAT = "dwarf-with-dsym";
				ENABLE_NS_ASSERTIONS = NO;
				ENABLE_STRICT_OBJC_MSGSEND = YES;
				GCC_C_LANGUAGE_STANDARD = gnu11;
				GCC_NO_COMMON_BLOCKS = YES;
				GCC_WARN_64_TO_32_BIT_CONVERSION = YES;
				GCC_WARN_ABOUT_RETURN_TYPE = YES_ERROR;
				GCC_WARN_UNDECLARED_SELECTOR = YES;
				GCC_WARN_UNINITIALIZED_AUTOS = YES_AGGRESSIVE;
				GCC_WARN_UNUSED_FUNCTION = YES;
				GCC_WARN_UNUSED_VARIABLE = YES;
				IPHONEOS_DEPLOYMENT_TARGET = 16.0;
				MTL_ENABLE_DEBUG_INFO = NO;
				MTL_FAST_MATH = YES;
				SDKROOT = iphoneos;
				SWIFT_COMPILATION_MODE = wholemodule;
				SWIFT_OPTIMIZATION_LEVEL = "-O";
				VALIDATE_PRODUCT = YES;
			};
			name = Release;
		};
		DB0BBDEA2915F2FD00E4683C /* Debug */ = {
			isa = XCBuildConfiguration;
			buildSettings = {
				ASSETCATALOG_COMPILER_APPICON_NAME = AppIcon;
				ASSETCATALOG_COMPILER_GLOBAL_ACCENT_COLOR_NAME = AccentColor;
				CODE_SIGN_STYLE = Automatic;
				CURRENT_PROJECT_VERSION = 1;
				DEVELOPMENT_ASSET_PATHS = "\"HalalFoodFinder/Preview Content\"";
				DEVELOPMENT_TEAM = VBK9MH89X9;
				ENABLE_PREVIEWS = YES;
				GENERATE_INFOPLIST_FILE = YES;
				INFOPLIST_FILE = HalalFoodFinder/Info.plist;
				INFOPLIST_KEY_CFBundleDisplayName = HalalSG;
				INFOPLIST_KEY_NSLocationAlwaysAndWhenInUseUsageDescription = "Your location is needed to find the nearest restaurant from your location.";
				INFOPLIST_KEY_NSLocationWhenInUseUsageDescription = "Your location is needed to find the nearest restaurant from your location.";
				INFOPLIST_KEY_UIApplicationSceneManifest_Generation = YES;
				INFOPLIST_KEY_UIApplicationSupportsIndirectInputEvents = YES;
				INFOPLIST_KEY_UILaunchScreen_Generation = YES;
				INFOPLIST_KEY_UISupportedInterfaceOrientations_iPad = "UIInterfaceOrientationPortrait UIInterfaceOrientationPortraitUpsideDown UIInterfaceOrientationLandscapeLeft UIInterfaceOrientationLandscapeRight";
				INFOPLIST_KEY_UISupportedInterfaceOrientations_iPhone = "UIInterfaceOrientationPortrait UIInterfaceOrientationLandscapeLeft UIInterfaceOrientationLandscapeRight";
				LD_RUNPATH_SEARCH_PATHS = (
					"$(inherited)",
					"@executable_path/Frameworks",
				);
				MARKETING_VERSION = 1.0;
				PRODUCT_BUNDLE_IDENTIFIER = com.raditya.HalalFoodFinder;
				PRODUCT_NAME = "$(TARGET_NAME)";
				SUPPORTED_PLATFORMS = "iphoneos iphonesimulator";
				SUPPORTS_MACCATALYST = NO;
				SUPPORTS_MAC_DESIGNED_FOR_IPHONE_IPAD = NO;
				SWIFT_EMIT_LOC_STRINGS = YES;
				SWIFT_VERSION = 5.0;
				TARGETED_DEVICE_FAMILY = 1;
			};
			name = Debug;
		};
		DB0BBDEB2915F2FD00E4683C /* Release */ = {
			isa = XCBuildConfiguration;
			buildSettings = {
				ASSETCATALOG_COMPILER_APPICON_NAME = AppIcon;
				ASSETCATALOG_COMPILER_GLOBAL_ACCENT_COLOR_NAME = AccentColor;
				CODE_SIGN_STYLE = Automatic;
				CURRENT_PROJECT_VERSION = 1;
				DEVELOPMENT_ASSET_PATHS = "\"HalalFoodFinder/Preview Content\"";
				DEVELOPMENT_TEAM = VBK9MH89X9;
				ENABLE_PREVIEWS = YES;
				GENERATE_INFOPLIST_FILE = YES;
				INFOPLIST_FILE = HalalFoodFinder/Info.plist;
				INFOPLIST_KEY_CFBundleDisplayName = HalalSG;
				INFOPLIST_KEY_NSLocationAlwaysAndWhenInUseUsageDescription = "Your location is needed to find the nearest restaurant from your location.";
				INFOPLIST_KEY_NSLocationWhenInUseUsageDescription = "Your location is needed to find the nearest restaurant from your location.";
				INFOPLIST_KEY_UIApplicationSceneManifest_Generation = YES;
				INFOPLIST_KEY_UIApplicationSupportsIndirectInputEvents = YES;
				INFOPLIST_KEY_UILaunchScreen_Generation = YES;
				INFOPLIST_KEY_UISupportedInterfaceOrientations_iPad = "UIInterfaceOrientationPortrait UIInterfaceOrientationPortraitUpsideDown UIInterfaceOrientationLandscapeLeft UIInterfaceOrientationLandscapeRight";
				INFOPLIST_KEY_UISupportedInterfaceOrientations_iPhone = "UIInterfaceOrientationPortrait UIInterfaceOrientationLandscapeLeft UIInterfaceOrientationLandscapeRight";
				LD_RUNPATH_SEARCH_PATHS = (
					"$(inherited)",
					"@executable_path/Frameworks",
				);
				MARKETING_VERSION = 1.0;
				PRODUCT_BUNDLE_IDENTIFIER = com.raditya.HalalFoodFinder;
				PRODUCT_NAME = "$(TARGET_NAME)";
				SUPPORTED_PLATFORMS = "iphoneos iphonesimulator";
				SUPPORTS_MACCATALYST = NO;
				SUPPORTS_MAC_DESIGNED_FOR_IPHONE_IPAD = NO;
				SWIFT_EMIT_LOC_STRINGS = YES;
				SWIFT_VERSION = 5.0;
				TARGETED_DEVICE_FAMILY = 1;
			};
			name = Release;
		};
/* End XCBuildConfiguration section */

/* Begin XCConfigurationList section */
		DB0BBDD62915F2FB00E4683C /* Build configuration list for PBXProject "HalalFoodFinder" */ = {
			isa = XCConfigurationList;
			buildConfigurations = (
				DB0BBDE72915F2FD00E4683C /* Debug */,
				DB0BBDE82915F2FD00E4683C /* Release */,
			);
			defaultConfigurationIsVisible = 0;
			defaultConfigurationName = Release;
		};
		DB0BBDE92915F2FD00E4683C /* Build configuration list for PBXNativeTarget "HalalFoodFinder" */ = {
			isa = XCConfigurationList;
			buildConfigurations = (
				DB0BBDEA2915F2FD00E4683C /* Debug */,
				DB0BBDEB2915F2FD00E4683C /* Release */,
			);
			defaultConfigurationIsVisible = 0;
			defaultConfigurationName = Release;
		};
/* End XCConfigurationList section */
	};
	rootObject = DB0BBDD32915F2FB00E4683C /* Project object */;
}
